
Microsoft Visual Studio Solution File, Format Version 12.00
# Visual Studio 2012
Project("{8BC9CEB8-8B4A-11D0-8D11-00A0C91BC942}") = "DevAssistCore", "DevAssistCore\DevAssistCore.vcxproj", "{88E044A9-339F-49A2-ACD9-A68E7C515917}"
EndProject
Project("{8BC9CEB8-8B4A-11D0-8D11-00A0C91BC942}") = "DevAssistIF", "DevAssistIF\DevAssistIF.vcxproj", "{1CF42D19-2BD4-457F-BDC8-596F5982D7DD}"
	ProjectSection(ProjectDependencies) = postProject
		{88E044A9-339F-49A2-ACD9-A68E7C515917} = {88E044A9-339F-49A2-ACD9-A68E7C515917}
	EndProjectSection
EndProject
Project("{8BC9CEB8-8B4A-11D0-8D11-00A0C91BC942}") = "FileIndexer", "FileIndexer\FileIndexer.vcxproj", "{068B9BE6-815A-4721-9005-179691059BF6}"
	ProjectSection(ProjectDependencies) = postProject
		{88E044A9-339F-49A2-ACD9-A68E7C515917} = {88E044A9-339F-49A2-ACD9-A68E7C515917}
	EndProjectSection
EndProject
Project("{8BC9CEB8-8B4A-11D0-8D11-00A0C91BC942}") = "NppPluginTemplate", "NotePad++\NppPluginTemplate.vcxproj", "{1590D7CD-7D3A-4AB7-A355-EE02F7FB987D}"
	ProjectSection(ProjectDependencies) = postProject
		{1CF42D19-2BD4-457F-BDC8-596F5982D7DD} = {1CF42D19-2BD4-457F-BDC8-596F5982D7DD}
	EndProjectSection
EndProject
Project("{FAE04EC0-301F-11D3-BF4B-00C04F79EFBC}") = "QuickAssist", "VisualStudio\QuickAssist\QuickAssist.csproj", "{54C786E5-FD14-4036-92AE-E9F25B71534B}"
	ProjectSection(ProjectDependencies) = postProject
		{1CF42D19-2BD4-457F-BDC8-596F5982D7DD} = {1CF42D19-2BD4-457F-BDC8-596F5982D7DD}
	EndProjectSection
EndProject
Global
	GlobalSection(SolutionConfigurationPlatforms) = preSolution
		ANSI Debug|Any CPU = ANSI Debug|Any CPU
		ANSI Debug|Mixed Platforms = ANSI Debug|Mixed Platforms
		ANSI Debug|Win32 = ANSI Debug|Win32
		ANSI Debug|x86 = ANSI Debug|x86
		ANSI Release|Any CPU = ANSI Release|Any CPU
		ANSI Release|Mixed Platforms = ANSI Release|Mixed Platforms
		ANSI Release|Win32 = ANSI Release|Win32
		ANSI Release|x86 = ANSI Release|x86
		Debug|Any CPU = Debug|Any CPU
		Debug|Mixed Platforms = Debug|Mixed Platforms
		Debug|Win32 = Debug|Win32
		Debug|x86 = Debug|x86
		Release|Any CPU = Release|Any CPU
		Release|Mixed Platforms = Release|Mixed Platforms
		Release|Win32 = Release|Win32
		Release|x86 = Release|x86
		Unicode Debug|Any CPU = Unicode Debug|Any CPU
		Unicode Debug|Mixed Platforms = Unicode Debug|Mixed Platforms
		Unicode Debug|Win32 = Unicode Debug|Win32
		Unicode Debug|x86 = Unicode Debug|x86
		Unicode Realeas|Any CPU = Unicode Realeas|Any CPU
		Unicode Realeas|Mixed Platforms = Unicode Realeas|Mixed Platforms
		Unicode Realeas|Win32 = Unicode Realeas|Win32
		Unicode Realeas|x86 = Unicode Realeas|x86
	EndGlobalSection
	GlobalSection(ProjectConfigurationPlatforms) = postSolution
		{88E044A9-339F-49A2-ACD9-A68E7C515917}.ANSI Debug|Any CPU.ActiveCfg = Debug|Win32
		{88E044A9-339F-49A2-ACD9-A68E7C515917}.ANSI Debug|Mixed Platforms.ActiveCfg = Debug|Win32
		{88E044A9-339F-49A2-ACD9-A68E7C515917}.ANSI Debug|Mixed Platforms.Build.0 = Debug|Win32
		{88E044A9-339F-49A2-ACD9-A68E7C515917}.ANSI Debug|Win32.ActiveCfg = Debug|Win32
		{88E044A9-339F-49A2-ACD9-A68E7C515917}.ANSI Debug|Win32.Build.0 = Debug|Win32
		{88E044A9-339F-49A2-ACD9-A68E7C515917}.ANSI Debug|x86.ActiveCfg = Debug|Win32
		{88E044A9-339F-49A2-ACD9-A68E7C515917}.ANSI Debug|x86.Build.0 = Debug|Win32
		{88E044A9-339F-49A2-ACD9-A68E7C515917}.ANSI Release|Any CPU.ActiveCfg = Release|Win32
		{88E044A9-339F-49A2-ACD9-A68E7C515917}.ANSI Release|Mixed Platforms.ActiveCfg = Release|Win32
		{88E044A9-339F-49A2-ACD9-A68E7C515917}.ANSI Release|Mixed Platforms.Build.0 = Release|Win32
		{88E044A9-339F-49A2-ACD9-A68E7C515917}.ANSI Release|Win32.ActiveCfg = Release|Win32
		{88E044A9-339F-49A2-ACD9-A68E7C515917}.ANSI Release|Win32.Build.0 = Release|Win32
		{88E044A9-339F-49A2-ACD9-A68E7C515917}.ANSI Release|x86.ActiveCfg = Release|Win32
		{88E044A9-339F-49A2-ACD9-A68E7C515917}.ANSI Release|x86.Build.0 = Release|Win32
		{88E044A9-339F-49A2-ACD9-A68E7C515917}.Debug|Any CPU.ActiveCfg = Debug|Win32
		{88E044A9-339F-49A2-ACD9-A68E7C515917}.Debug|Mixed Platforms.ActiveCfg = Debug|Win32
		{88E044A9-339F-49A2-ACD9-A68E7C515917}.Debug|Mixed Platforms.Build.0 = Debug|Win32
		{88E044A9-339F-49A2-ACD9-A68E7C515917}.Debug|Win32.ActiveCfg = Debug|Win32
		{88E044A9-339F-49A2-ACD9-A68E7C515917}.Debug|Win32.Build.0 = Debug|Win32
		{88E044A9-339F-49A2-ACD9-A68E7C515917}.Debug|x86.ActiveCfg = Debug|Win32
		{88E044A9-339F-49A2-ACD9-A68E7C515917}.Debug|x86.Build.0 = Debug|Win32
		{88E044A9-339F-49A2-ACD9-A68E7C515917}.Release|Any CPU.ActiveCfg = Release|Win32
		{88E044A9-339F-49A2-ACD9-A68E7C515917}.Release|Mixed Platforms.ActiveCfg = Release|Win32
		{88E044A9-339F-49A2-ACD9-A68E7C515917}.Release|Mixed Platforms.Build.0 = Release|Win32
		{88E044A9-339F-49A2-ACD9-A68E7C515917}.Release|Win32.ActiveCfg = Release|Win32
		{88E044A9-339F-49A2-ACD9-A68E7C515917}.Release|Win32.Build.0 = Release|Win32
		{88E044A9-339F-49A2-ACD9-A68E7C515917}.Release|x86.ActiveCfg = Release|Win32
		{88E044A9-339F-49A2-ACD9-A68E7C515917}.Release|x86.Build.0 = Release|Win32
		{88E044A9-339F-49A2-ACD9-A68E7C515917}.Unicode Debug|Any CPU.ActiveCfg = Debug|Win32
		{88E044A9-339F-49A2-ACD9-A68E7C515917}.Unicode Debug|Mixed Platforms.ActiveCfg = Debug|Win32
		{88E044A9-339F-49A2-ACD9-A68E7C515917}.Unicode Debug|Mixed Platforms.Build.0 = Debug|Win32
		{88E044A9-339F-49A2-ACD9-A68E7C515917}.Unicode Debug|Win32.ActiveCfg = Debug|Win32
		{88E044A9-339F-49A2-ACD9-A68E7C515917}.Unicode Debug|Win32.Build.0 = Debug|Win32
		{88E044A9-339F-49A2-ACD9-A68E7C515917}.Unicode Debug|x86.ActiveCfg = Debug|Win32
		{88E044A9-339F-49A2-ACD9-A68E7C515917}.Unicode Debug|x86.Build.0 = Debug|Win32
		{88E044A9-339F-49A2-ACD9-A68E7C515917}.Unicode Realeas|Any CPU.ActiveCfg = Release|Win32
		{88E044A9-339F-49A2-ACD9-A68E7C515917}.Unicode Realeas|Mixed Platforms.ActiveCfg = Release|Win32
		{88E044A9-339F-49A2-ACD9-A68E7C515917}.Unicode Realeas|Mixed Platforms.Build.0 = Release|Win32
		{88E044A9-339F-49A2-ACD9-A68E7C515917}.Unicode Realeas|Win32.ActiveCfg = Release|Win32
		{88E044A9-339F-49A2-ACD9-A68E7C515917}.Unicode Realeas|Win32.Build.0 = Release|Win32
		{88E044A9-339F-49A2-ACD9-A68E7C515917}.Unicode Realeas|x86.ActiveCfg = Release|Win32
		{88E044A9-339F-49A2-ACD9-A68E7C515917}.Unicode Realeas|x86.Build.0 = Release|Win32
		{1CF42D19-2BD4-457F-BDC8-596F5982D7DD}.ANSI Debug|Any CPU.ActiveCfg = Debug|Win32
		{1CF42D19-2BD4-457F-BDC8-596F5982D7DD}.ANSI Debug|Mixed Platforms.ActiveCfg = Debug|Win32
		{1CF42D19-2BD4-457F-BDC8-596F5982D7DD}.ANSI Debug|Mixed Platforms.Build.0 = Debug|Win32
		{1CF42D19-2BD4-457F-BDC8-596F5982D7DD}.ANSI Debug|Win32.ActiveCfg = Debug|Win32
		{1CF42D19-2BD4-457F-BDC8-596F5982D7DD}.ANSI Debug|Win32.Build.0 = Debug|Win32
		{1CF42D19-2BD4-457F-BDC8-596F5982D7DD}.ANSI Debug|x86.ActiveCfg = Debug|Win32
		{1CF42D19-2BD4-457F-BDC8-596F5982D7DD}.ANSI Debug|x86.Build.0 = Debug|Win32
		{1CF42D19-2BD4-457F-BDC8-596F5982D7DD}.ANSI Release|Any CPU.ActiveCfg = Release|Win32
		{1CF42D19-2BD4-457F-BDC8-596F5982D7DD}.ANSI Release|Mixed Platforms.ActiveCfg = Release|Win32
		{1CF42D19-2BD4-457F-BDC8-596F5982D7DD}.ANSI Release|Mixed Platforms.Build.0 = Release|Win32
		{1CF42D19-2BD4-457F-BDC8-596F5982D7DD}.ANSI Release|Win32.ActiveCfg = Release|Win32
		{1CF42D19-2BD4-457F-BDC8-596F5982D7DD}.ANSI Release|Win32.Build.0 = Release|Win32
		{1CF42D19-2BD4-457F-BDC8-596F5982D7DD}.ANSI Release|x86.ActiveCfg = Release|Win32
		{1CF42D19-2BD4-457F-BDC8-596F5982D7DD}.ANSI Release|x86.Build.0 = Release|Win32
		{1CF42D19-2BD4-457F-BDC8-596F5982D7DD}.Debug|Any CPU.ActiveCfg = Debug|Win32
		{1CF42D19-2BD4-457F-BDC8-596F5982D7DD}.Debug|Mixed Platforms.ActiveCfg = Debug|Win32
		{1CF42D19-2BD4-457F-BDC8-596F5982D7DD}.Debug|Mixed Platforms.Build.0 = Debug|Win32
		{1CF42D19-2BD4-457F-BDC8-596F5982D7DD}.Debug|Win32.ActiveCfg = Debug|Win32
		{1CF42D19-2BD4-457F-BDC8-596F5982D7DD}.Debug|Win32.Build.0 = Debug|Win32
		{1CF42D19-2BD4-457F-BDC8-596F5982D7DD}.Debug|x86.ActiveCfg = Debug|Win32
		{1CF42D19-2BD4-457F-BDC8-596F5982D7DD}.Debug|x86.Build.0 = Debug|Win32
		{1CF42D19-2BD4-457F-BDC8-596F5982D7DD}.Release|Any CPU.ActiveCfg = Release|Win32
		{1CF42D19-2BD4-457F-BDC8-596F5982D7DD}.Release|Mixed Platforms.ActiveCfg = Release|Win32
		{1CF42D19-2BD4-457F-BDC8-596F5982D7DD}.Release|Mixed Platforms.Build.0 = Release|Win32
		{1CF42D19-2BD4-457F-BDC8-596F5982D7DD}.Release|Win32.ActiveCfg = Release|Win32
		{1CF42D19-2BD4-457F-BDC8-596F5982D7DD}.Release|Win32.Build.0 = Release|Win32
		{1CF42D19-2BD4-457F-BDC8-596F5982D7DD}.Release|x86.ActiveCfg = Release|Win32
		{1CF42D19-2BD4-457F-BDC8-596F5982D7DD}.Release|x86.Build.0 = Release|Win32
		{1CF42D19-2BD4-457F-BDC8-596F5982D7DD}.Unicode Debug|Any CPU.ActiveCfg = Debug|Win32
		{1CF42D19-2BD4-457F-BDC8-596F5982D7DD}.Unicode Debug|Mixed Platforms.ActiveCfg = Debug|Win32
		{1CF42D19-2BD4-457F-BDC8-596F5982D7DD}.Unicode Debug|Mixed Platforms.Build.0 = Debug|Win32
		{1CF42D19-2BD4-457F-BDC8-596F5982D7DD}.Unicode Debug|Win32.ActiveCfg = Debug|Win32
		{1CF42D19-2BD4-457F-BDC8-596F5982D7DD}.Unicode Debug|Win32.Build.0 = Debug|Win32
		{1CF42D19-2BD4-457F-BDC8-596F5982D7DD}.Unicode Debug|x86.ActiveCfg = Debug|Win32
		{1CF42D19-2BD4-457F-BDC8-596F5982D7DD}.Unicode Debug|x86.Build.0 = Debug|Win32
		{1CF42D19-2BD4-457F-BDC8-596F5982D7DD}.Unicode Realeas|Any CPU.ActiveCfg = Release|Win32
		{1CF42D19-2BD4-457F-BDC8-596F5982D7DD}.Unicode Realeas|Mixed Platforms.ActiveCfg = Release|Win32
		{1CF42D19-2BD4-457F-BDC8-596F5982D7DD}.Unicode Realeas|Mixed Platforms.Build.0 = Release|Win32
		{1CF42D19-2BD4-457F-BDC8-596F5982D7DD}.Unicode Realeas|Win32.ActiveCfg = Release|Win32
		{1CF42D19-2BD4-457F-BDC8-596F5982D7DD}.Unicode Realeas|Win32.Build.0 = Release|Win32
		{1CF42D19-2BD4-457F-BDC8-596F5982D7DD}.Unicode Realeas|x86.ActiveCfg = Release|Win32
		{1CF42D19-2BD4-457F-BDC8-596F5982D7DD}.Unicode Realeas|x86.Build.0 = Release|Win32
		{068B9BE6-815A-4721-9005-179691059BF6}.ANSI Debug|Any CPU.ActiveCfg = Debug|Win32
		{068B9BE6-815A-4721-9005-179691059BF6}.ANSI Debug|Mixed Platforms.ActiveCfg = Debug|Win32
		{068B9BE6-815A-4721-9005-179691059BF6}.ANSI Debug|Mixed Platforms.Build.0 = Debug|Win32
		{068B9BE6-815A-4721-9005-179691059BF6}.ANSI Debug|Win32.ActiveCfg = Debug|Win32
		{068B9BE6-815A-4721-9005-179691059BF6}.ANSI Debug|Win32.Build.0 = Debug|Win32
		{068B9BE6-815A-4721-9005-179691059BF6}.ANSI Debug|x86.ActiveCfg = Debug|Win32
		{068B9BE6-815A-4721-9005-179691059BF6}.ANSI Debug|x86.Build.0 = Debug|Win32
		{068B9BE6-815A-4721-9005-179691059BF6}.ANSI Release|Any CPU.ActiveCfg = Release|Win32
		{068B9BE6-815A-4721-9005-179691059BF6}.ANSI Release|Mixed Platforms.ActiveCfg = Release|Win32
		{068B9BE6-815A-4721-9005-179691059BF6}.ANSI Release|Mixed Platforms.Build.0 = Release|Win32
		{068B9BE6-815A-4721-9005-179691059BF6}.ANSI Release|Win32.ActiveCfg = Release|Win32
		{068B9BE6-815A-4721-9005-179691059BF6}.ANSI Release|Win32.Build.0 = Release|Win32
		{068B9BE6-815A-4721-9005-179691059BF6}.ANSI Release|x86.ActiveCfg = Release|Win32
		{068B9BE6-815A-4721-9005-179691059BF6}.ANSI Release|x86.Build.0 = Release|Win32
		{068B9BE6-815A-4721-9005-179691059BF6}.Debug|Any CPU.ActiveCfg = Debug|Win32
		{068B9BE6-815A-4721-9005-179691059BF6}.Debug|Mixed Platforms.ActiveCfg = Debug|Win32
		{068B9BE6-815A-4721-9005-179691059BF6}.Debug|Mixed Platforms.Build.0 = Debug|Win32
		{068B9BE6-815A-4721-9005-179691059BF6}.Debug|Win32.ActiveCfg = Debug|Win32
		{068B9BE6-815A-4721-9005-179691059BF6}.Debug|Win32.Build.0 = Debug|Win32
		{068B9BE6-815A-4721-9005-179691059BF6}.Debug|x86.ActiveCfg = Debug|Win32
		{068B9BE6-815A-4721-9005-179691059BF6}.Debug|x86.Build.0 = Debug|Win32
		{068B9BE6-815A-4721-9005-179691059BF6}.Release|Any CPU.ActiveCfg = Release|Win32
		{068B9BE6-815A-4721-9005-179691059BF6}.Release|Mixed Platforms.ActiveCfg = Release|Win32
		{068B9BE6-815A-4721-9005-179691059BF6}.Release|Mixed Platforms.Build.0 = Release|Win32
		{068B9BE6-815A-4721-9005-179691059BF6}.Release|Win32.ActiveCfg = Release|Win32
		{068B9BE6-815A-4721-9005-179691059BF6}.Release|Win32.Build.0 = Release|Win32
		{068B9BE6-815A-4721-9005-179691059BF6}.Release|x86.ActiveCfg = Release|Win32
		{068B9BE6-815A-4721-9005-179691059BF6}.Release|x86.Build.0 = Release|Win32
		{068B9BE6-815A-4721-9005-179691059BF6}.Unicode Debug|Any CPU.ActiveCfg = Debug|Win32
		{068B9BE6-815A-4721-9005-179691059BF6}.Unicode Debug|Mixed Platforms.ActiveCfg = Debug|Win32
		{068B9BE6-815A-4721-9005-179691059BF6}.Unicode Debug|Mixed Platforms.Build.0 = Debug|Win32
		{068B9BE6-815A-4721-9005-179691059BF6}.Unicode Debug|Win32.ActiveCfg = Debug|Win32
		{068B9BE6-815A-4721-9005-179691059BF6}.Unicode Debug|Win32.Build.0 = Debug|Win32
		{068B9BE6-815A-4721-9005-179691059BF6}.Unicode Debug|x86.ActiveCfg = Debug|Win32
		{068B9BE6-815A-4721-9005-179691059BF6}.Unicode Debug|x86.Build.0 = Debug|Win32
		{068B9BE6-815A-4721-9005-179691059BF6}.Unicode Realeas|Any CPU.ActiveCfg = Release|Win32
		{068B9BE6-815A-4721-9005-179691059BF6}.Unicode Realeas|Mixed Platforms.ActiveCfg = Release|Win32
		{068B9BE6-815A-4721-9005-179691059BF6}.Unicode Realeas|Mixed Platforms.Build.0 = Release|Win32
		{068B9BE6-815A-4721-9005-179691059BF6}.Unicode Realeas|Win32.ActiveCfg = Release|Win32
		{068B9BE6-815A-4721-9005-179691059BF6}.Unicode Realeas|Win32.Build.0 = Release|Win32
		{068B9BE6-815A-4721-9005-179691059BF6}.Unicode Realeas|x86.ActiveCfg = Release|Win32
		{068B9BE6-815A-4721-9005-179691059BF6}.Unicode Realeas|x86.Build.0 = Release|Win32
		{1590D7CD-7D3A-4AB7-A355-EE02F7FB987D}.ANSI Debug|Any CPU.ActiveCfg = ANSI Debug|Win32
		{1590D7CD-7D3A-4AB7-A355-EE02F7FB987D}.ANSI Debug|Mixed Platforms.ActiveCfg = ANSI Debug|Win32
		{1590D7CD-7D3A-4AB7-A355-EE02F7FB987D}.ANSI Debug|Mixed Platforms.Build.0 = ANSI Debug|Win32
		{1590D7CD-7D3A-4AB7-A355-EE02F7FB987D}.ANSI Debug|Win32.ActiveCfg = ANSI Debug|Win32
		{1590D7CD-7D3A-4AB7-A355-EE02F7FB987D}.ANSI Debug|Win32.Build.0 = ANSI Debug|Win32
		{1590D7CD-7D3A-4AB7-A355-EE02F7FB987D}.ANSI Debug|x86.ActiveCfg = ANSI Debug|Win32
		{1590D7CD-7D3A-4AB7-A355-EE02F7FB987D}.ANSI Debug|x86.Build.0 = ANSI Debug|Win32
		{1590D7CD-7D3A-4AB7-A355-EE02F7FB987D}.ANSI Release|Any CPU.ActiveCfg = ANSI Release|Win32
		{1590D7CD-7D3A-4AB7-A355-EE02F7FB987D}.ANSI Release|Mixed Platforms.ActiveCfg = ANSI Release|Win32
		{1590D7CD-7D3A-4AB7-A355-EE02F7FB987D}.ANSI Release|Mixed Platforms.Build.0 = ANSI Release|Win32
		{1590D7CD-7D3A-4AB7-A355-EE02F7FB987D}.ANSI Release|Win32.ActiveCfg = ANSI Release|Win32
		{1590D7CD-7D3A-4AB7-A355-EE02F7FB987D}.ANSI Release|Win32.Build.0 = ANSI Release|Win32
		{1590D7CD-7D3A-4AB7-A355-EE02F7FB987D}.ANSI Release|x86.ActiveCfg = ANSI Release|Win32
		{1590D7CD-7D3A-4AB7-A355-EE02F7FB987D}.ANSI Release|x86.Build.0 = ANSI Release|Win32
		{1590D7CD-7D3A-4AB7-A355-EE02F7FB987D}.Debug|Any CPU.ActiveCfg = Unicode Debug|Win32
		{1590D7CD-7D3A-4AB7-A355-EE02F7FB987D}.Debug|Mixed Platforms.ActiveCfg = Unicode Debug|Win32
		{1590D7CD-7D3A-4AB7-A355-EE02F7FB987D}.Debug|Mixed Platforms.Build.0 = Unicode Debug|Win32
		{1590D7CD-7D3A-4AB7-A355-EE02F7FB987D}.Debug|Win32.ActiveCfg = Unicode Debug|Win32
		{1590D7CD-7D3A-4AB7-A355-EE02F7FB987D}.Debug|Win32.Build.0 = Unicode Debug|Win32
		{1590D7CD-7D3A-4AB7-A355-EE02F7FB987D}.Debug|x86.ActiveCfg = Unicode Debug|Win32
		{1590D7CD-7D3A-4AB7-A355-EE02F7FB987D}.Debug|x86.Build.0 = Unicode Debug|Win32
		{1590D7CD-7D3A-4AB7-A355-EE02F7FB987D}.Release|Any CPU.ActiveCfg = ANSI Release|Win32
		{1590D7CD-7D3A-4AB7-A355-EE02F7FB987D}.Release|Mixed Platforms.ActiveCfg = ANSI Release|Win32
		{1590D7CD-7D3A-4AB7-A355-EE02F7FB987D}.Release|Mixed Platforms.Build.0 = ANSI Release|Win32
		{1590D7CD-7D3A-4AB7-A355-EE02F7FB987D}.Release|Win32.ActiveCfg = Unicode Realeas|Win32
		{1590D7CD-7D3A-4AB7-A355-EE02F7FB987D}.Release|Win32.Build.0 = Unicode Realeas|Win32
		{1590D7CD-7D3A-4AB7-A355-EE02F7FB987D}.Release|x86.ActiveCfg = Unicode Realeas|Win32
		{1590D7CD-7D3A-4AB7-A355-EE02F7FB987D}.Release|x86.Build.0 = Unicode Realeas|Win32
		{1590D7CD-7D3A-4AB7-A355-EE02F7FB987D}.Unicode Debug|Any CPU.ActiveCfg = Unicode Debug|Win32
		{1590D7CD-7D3A-4AB7-A355-EE02F7FB987D}.Unicode Debug|Mixed Platforms.ActiveCfg = Unicode Debug|Win32
		{1590D7CD-7D3A-4AB7-A355-EE02F7FB987D}.Unicode Debug|Mixed Platforms.Build.0 = Unicode Debug|Win32
		{1590D7CD-7D3A-4AB7-A355-EE02F7FB987D}.Unicode Debug|Win32.ActiveCfg = Unicode Debug|Win32
		{1590D7CD-7D3A-4AB7-A355-EE02F7FB987D}.Unicode Debug|Win32.Build.0 = Unicode Debug|Win32
		{1590D7CD-7D3A-4AB7-A355-EE02F7FB987D}.Unicode Debug|x86.ActiveCfg = Unicode Debug|Win32
		{1590D7CD-7D3A-4AB7-A355-EE02F7FB987D}.Unicode Debug|x86.Build.0 = Unicode Debug|Win32
		{1590D7CD-7D3A-4AB7-A355-EE02F7FB987D}.Unicode Realeas|Any CPU.ActiveCfg = Unicode Realeas|Win32
		{1590D7CD-7D3A-4AB7-A355-EE02F7FB987D}.Unicode Realeas|Mixed Platforms.ActiveCfg = Unicode Realeas|Win32
		{1590D7CD-7D3A-4AB7-A355-EE02F7FB987D}.Unicode Realeas|Mixed Platforms.Build.0 = Unicode Realeas|Win32
		{1590D7CD-7D3A-4AB7-A355-EE02F7FB987D}.Unicode Realeas|Win32.ActiveCfg = Unicode Realeas|Win32
		{1590D7CD-7D3A-4AB7-A355-EE02F7FB987D}.Unicode Realeas|Win32.Build.0 = Unicode Realeas|Win32
		{1590D7CD-7D3A-4AB7-A355-EE02F7FB987D}.Unicode Realeas|x86.ActiveCfg = Unicode Realeas|Win32
		{1590D7CD-7D3A-4AB7-A355-EE02F7FB987D}.Unicode Realeas|x86.Build.0 = Unicode Realeas|Win32
		{54C786E5-FD14-4036-92AE-E9F25B71534B}.ANSI Debug|Any CPU.ActiveCfg = Debug|Any CPU
		{54C786E5-FD14-4036-92AE-E9F25B71534B}.ANSI Debug|Any CPU.Build.0 = Debug|Any CPU
		{54C786E5-FD14-4036-92AE-E9F25B71534B}.ANSI Debug|Mixed Platforms.ActiveCfg = Debug|Any CPU
		{54C786E5-FD14-4036-92AE-E9F25B71534B}.ANSI Debug|Mixed Platforms.Build.0 = Debug|Any CPU
		{54C786E5-FD14-4036-92AE-E9F25B71534B}.ANSI Debug|Win32.ActiveCfg = Debug|Any CPU
		{54C786E5-FD14-4036-92AE-E9F25B71534B}.ANSI Debug|x86.ActiveCfg = Debug|x86
		{54C786E5-FD14-4036-92AE-E9F25B71534B}.ANSI Debug|x86.Build.0 = Debug|x86
		{54C786E5-FD14-4036-92AE-E9F25B71534B}.ANSI Release|Any CPU.ActiveCfg = Release|Any CPU
		{54C786E5-FD14-4036-92AE-E9F25B71534B}.ANSI Release|Any CPU.Build.0 = Release|Any CPU
		{54C786E5-FD14-4036-92AE-E9F25B71534B}.ANSI Release|Mixed Platforms.ActiveCfg = Release|Any CPU
		{54C786E5-FD14-4036-92AE-E9F25B71534B}.ANSI Release|Mixed Platforms.Build.0 = Release|Any CPU
		{54C786E5-FD14-4036-92AE-E9F25B71534B}.ANSI Release|Win32.ActiveCfg = Release|Any CPU
		{54C786E5-FD14-4036-92AE-E9F25B71534B}.ANSI Release|x86.ActiveCfg = Release|x86
		{54C786E5-FD14-4036-92AE-E9F25B71534B}.ANSI Release|x86.Build.0 = Release|x86
		{54C786E5-FD14-4036-92AE-E9F25B71534B}.Debug|Any CPU.ActiveCfg = Debug|Any CPU
		{54C786E5-FD14-4036-92AE-E9F25B71534B}.Debug|Any CPU.Build.0 = Debug|Any CPU
		{54C786E5-FD14-4036-92AE-E9F25B71534B}.Debug|Mixed Platforms.ActiveCfg = Debug|Any CPU
		{54C786E5-FD14-4036-92AE-E9F25B71534B}.Debug|Mixed Platforms.Build.0 = Debug|Any CPU
		{54C786E5-FD14-4036-92AE-E9F25B71534B}.Debug|Win32.ActiveCfg = Debug|Any CPU
		{54C786E5-FD14-4036-92AE-E9F25B71534B}.Debug|x86.ActiveCfg = Debug|x86
		{54C786E5-FD14-4036-92AE-E9F25B71534B}.Debug|x86.Build.0 = Debug|x86
		{54C786E5-FD14-4036-92AE-E9F25B71534B}.Release|Any CPU.ActiveCfg = Release|Any CPU
		{54C786E5-FD14-4036-92AE-E9F25B71534B}.Release|Any CPU.Build.0 = Release|Any CPU
		{54C786E5-FD14-4036-92AE-E9F25B71534B}.Release|Mixed Platforms.ActiveCfg = Release|Any CPU
		{54C786E5-FD14-4036-92AE-E9F25B71534B}.Release|Mixed Platforms.Build.0 = Release|Any CPU
		{54C786E5-FD14-4036-92AE-E9F25B71534B}.Release|Win32.ActiveCfg = Release|Any CPU
		{54C786E5-FD14-4036-92AE-E9F25B71534B}.Release|x86.ActiveCfg = Release|x86
		{54C786E5-FD14-4036-92AE-E9F25B71534B}.Release|x86.Build.0 = Release|x86
		{54C786E5-FD14-4036-92AE-E9F25B71534B}.Unicode Debug|Any CPU.ActiveCfg = Debug|Any CPU
		{54C786E5-FD14-4036-92AE-E9F25B71534B}.Unicode Debug|Any CPU.Build.0 = Debug|Any CPU
		{54C786E5-FD14-4036-92AE-E9F25B71534B}.Unicode Debug|Mixed Platforms.ActiveCfg = Debug|Any CPU
		{54C786E5-FD14-4036-92AE-E9F25B71534B}.Unicode Debug|Mixed Platforms.Build.0 = Debug|Any CPU
		{54C786E5-FD14-4036-92AE-E9F25B71534B}.Unicode Debug|Win32.ActiveCfg = Debug|Any CPU
		{54C786E5-FD14-4036-92AE-E9F25B71534B}.Unicode Debug|x86.ActiveCfg = Debug|x86
		{54C786E5-FD14-4036-92AE-E9F25B71534B}.Unicode Debug|x86.Build.0 = Debug|x86
		{54C786E5-FD14-4036-92AE-E9F25B71534B}.Unicode Realeas|Any CPU.ActiveCfg = Release|Any CPU
		{54C786E5-FD14-4036-92AE-E9F25B71534B}.Unicode Realeas|Any CPU.Build.0 = Release|Any CPU
		{54C786E5-FD14-4036-92AE-E9F25B71534B}.Unicode Realeas|Mixed Platforms.ActiveCfg = Release|Any CPU
		{54C786E5-FD14-4036-92AE-E9F25B71534B}.Unicode Realeas|Mixed Platforms.Build.0 = Release|Any CPU
		{54C786E5-FD14-4036-92AE-E9F25B71534B}.Unicode Realeas|Win32.ActiveCfg = Release|Any CPU
		{54C786E5-FD14-4036-92AE-E9F25B71534B}.Unicode Realeas|x86.ActiveCfg = Release|x86
		{54C786E5-FD14-4036-92AE-E9F25B71534B}.Unicode Realeas|x86.Build.0 = Release|x86
	EndGlobalSection
	GlobalSection(SolutionProperties) = preSolution
		HideSolutionNode = FALSE
	EndGlobalSection
EndGlobal
