
Microsoft Visual Studio Solution File, Format Version 12.00
# Visual Studio 2012
Project("{8BC9CEB8-8B4A-11D0-8D11-00A0C91BC942}") = "DevAssistCore", "DevAssistCore\DevAssistCore.vcxproj", "{88E044A9-339F-49A2-ACD9-A68E7C515917}"
EndProject
Project("{8BC9CEB8-8B4A-11D0-8D11-00A0C91BC942}") = "DevAssistIF", "DevAssistIF\DevAssistIF.vcxproj", "{1CF42D19-2BD4-457F-BDC8-596F5982D7DD}"
	ProjectSection(ProjectDependencies) = postProject
		{88E044A9-339F-49A2-ACD9-A68E7C515917} = {88E044A9-339F-49A2-ACD9-A68E7C515917}
	EndProjectSection
EndProject
Project("{8BC9CEB8-8B4A-11D0-8D11-00A0C91BC942}") = "FileIndexer", "FileIndexer\FileIndexer.vcxproj", "{068B9BE6-815A-4721-9005-179691059BF6}"
	ProjectSection(ProjectDependencies) = postProject
		{88E044A9-339F-49A2-ACD9-A68E7C515917} = {88E044A9-339F-49A2-ACD9-A68E7C515917}
	EndProjectSection
EndProject
Project("{8BC9CEB8-8B4A-11D0-8D11-00A0C91BC942}") = "NppPluginTemplate", "NotePad++\NppPluginTemplate.vcxproj", "{1590D7CD-7D3A-4AB7-A355-EE02F7FB987D}"
	ProjectSection(ProjectDependencies) = postProject
		{1CF42D19-2BD4-457F-BDC8-596F5982D7DD} = {1CF42D19-2BD4-457F-BDC8-596F5982D7DD}
	EndProjectSection
EndProject
Project("{FAE04EC0-301F-11D3-BF4B-00C04F79EFBC}") = "QuickAssist", "VisualStudio\QuickAssist\QuickAssist.csproj", "{54C786E5-FD14-4036-92AE-E9F25B71534B}"
	ProjectSection(ProjectDependencies) = postProject
		{1CF42D19-2BD4-457F-BDC8-596F5982D7DD} = {1CF42D19-2BD4-457F-BDC8-596F5982D7DD}
	EndProjectSection
EndProject
Global
	GlobalSection(SolutionConfigurationPlatforms) = preSolution
		Debug|Mixed Platforms = Debug|Mixed Platforms
		Debug|Win32 = Debug|Win32
		Debug|x86 = Debug|x86
		Release|Mixed Platforms = Release|Mixed Platforms
		Release|Win32 = Release|Win32
		Release|x86 = Release|x86
	EndGlobalSection
	GlobalSection(ProjectConfigurationPlatforms) = postSolution
		{88E044A9-339F-49A2-ACD9-A68E7C515917}.Debug|Mixed Platforms.ActiveCfg = Debug|Win32
		{88E044A9-339F-49A2-ACD9-A68E7C515917}.Debug|Mixed Platforms.Build.0 = Debug|Win32
		{88E044A9-339F-49A2-ACD9-A68E7C515917}.Debug|Win32.ActiveCfg = Debug|Win32
		{88E044A9-339F-49A2-ACD9-A68E7C515917}.Debug|Win32.Build.0 = Debug|Win32
		{88E044A9-339F-49A2-ACD9-A68E7C515917}.Debug|x86.ActiveCfg = Debug|Win32
		{88E044A9-339F-49A2-ACD9-A68E7C515917}.Debug|x86.Build.0 = Debug|Win32
		{88E044A9-339F-49A2-ACD9-A68E7C515917}.Release|Mixed Platforms.ActiveCfg = Release|Win32
		{88E044A9-339F-49A2-ACD9-A68E7C515917}.Release|Mixed Platforms.Build.0 = Release|Win32
		{88E044A9-339F-49A2-ACD9-A68E7C515917}.Release|Win32.ActiveCfg = Release|Win32
		{88E044A9-339F-49A2-ACD9-A68E7C515917}.Release|Win32.Build.0 = Release|Win32
		{88E044A9-339F-49A2-ACD9-A68E7C515917}.Release|x86.ActiveCfg = Release|Win32
		{88E044A9-339F-49A2-ACD9-A68E7C515917}.Release|x86.Build.0 = Release|Win32
		{1CF42D19-2BD4-457F-BDC8-596F5982D7DD}.Debug|Mixed Platforms.ActiveCfg = Debug|Win32
		{1CF42D19-2BD4-457F-BDC8-596F5982D7DD}.Debug|Mixed Platforms.Build.0 = Debug|Win32
		{1CF42D19-2BD4-457F-BDC8-596F5982D7DD}.Debug|Win32.ActiveCfg = Debug|Win32
		{1CF42D19-2BD4-457F-BDC8-596F5982D7DD}.Debug|Win32.Build.0 = Debug|Win32
		{1CF42D19-2BD4-457F-BDC8-596F5982D7DD}.Debug|x86.ActiveCfg = Debug|Win32
		{1CF42D19-2BD4-457F-BDC8-596F5982D7DD}.Debug|x86.Build.0 = Debug|Win32
		{1CF42D19-2BD4-457F-BDC8-596F5982D7DD}.Release|Mixed Platforms.ActiveCfg = Release|Win32
		{1CF42D19-2BD4-457F-BDC8-596F5982D7DD}.Release|Mixed Platforms.Build.0 = Release|Win32
		{1CF42D19-2BD4-457F-BDC8-596F5982D7DD}.Release|Win32.ActiveCfg = Release|Win32
		{1CF42D19-2BD4-457F-BDC8-596F5982D7DD}.Release|Win32.Build.0 = Release|Win32
		{1CF42D19-2BD4-457F-BDC8-596F5982D7DD}.Release|x86.ActiveCfg = Release|Win32
		{1CF42D19-2BD4-457F-BDC8-596F5982D7DD}.Release|x86.Build.0 = Release|Win32
		{068B9BE6-815A-4721-9005-179691059BF6}.Debug|Mixed Platforms.ActiveCfg = Debug|Win32
		{068B9BE6-815A-4721-9005-179691059BF6}.Debug|Mixed Platforms.Build.0 = Debug|Win32
		{068B9BE6-815A-4721-9005-179691059BF6}.Debug|Win32.ActiveCfg = Debug|Win32
		{068B9BE6-815A-4721-9005-179691059BF6}.Debug|Win32.Build.0 = Debug|Win32
		{068B9BE6-815A-4721-9005-179691059BF6}.Debug|x86.ActiveCfg = Debug|Win32
		{068B9BE6-815A-4721-9005-179691059BF6}.Debug|x86.Build.0 = Debug|Win32
		{068B9BE6-815A-4721-9005-179691059BF6}.Release|Mixed Platforms.ActiveCfg = Release|Win32
		{068B9BE6-815A-4721-9005-179691059BF6}.Release|Mixed Platforms.Build.0 = Release|Win32
		{068B9BE6-815A-4721-9005-179691059BF6}.Release|Win32.ActiveCfg = Release|Win32
		{068B9BE6-815A-4721-9005-179691059BF6}.Release|Win32.Build.0 = Release|Win32
		{068B9BE6-815A-4721-9005-179691059BF6}.Release|x86.ActiveCfg = Release|Win32
		{068B9BE6-815A-4721-9005-179691059BF6}.Release|x86.Build.0 = Release|Win32
		{1590D7CD-7D3A-4AB7-A355-EE02F7FB987D}.Debug|Mixed Platforms.ActiveCfg = Unicode Debug|Win32
		{1590D7CD-7D3A-4AB7-A355-EE02F7FB987D}.Debug|Mixed Platforms.Build.0 = Unicode Debug|Win32
		{1590D7CD-7D3A-4AB7-A355-EE02F7FB987D}.Debug|Win32.ActiveCfg = Unicode Debug|Win32
		{1590D7CD-7D3A-4AB7-A355-EE02F7FB987D}.Debug|Win32.Build.0 = Unicode Debug|Win32
		{1590D7CD-7D3A-4AB7-A355-EE02F7FB987D}.Debug|x86.ActiveCfg = Unicode Debug|Win32
		{1590D7CD-7D3A-4AB7-A355-EE02F7FB987D}.Debug|x86.Build.0 = Unicode Debug|Win32
		{1590D7CD-7D3A-4AB7-A355-EE02F7FB987D}.Release|Mixed Platforms.ActiveCfg = Unicode Realeas|Win32
		{1590D7CD-7D3A-4AB7-A355-EE02F7FB987D}.Release|Mixed Platforms.Build.0 = Unicode Realeas|Win32
		{1590D7CD-7D3A-4AB7-A355-EE02F7FB987D}.Release|Win32.ActiveCfg = Unicode Realeas|Win32
		{1590D7CD-7D3A-4AB7-A355-EE02F7FB987D}.Release|Win32.Build.0 = Unicode Realeas|Win32
		{1590D7CD-7D3A-4AB7-A355-EE02F7FB987D}.Release|x86.ActiveCfg = Unicode Realeas|Win32
		{1590D7CD-7D3A-4AB7-A355-EE02F7FB987D}.Release|x86.Build.0 = Unicode Realeas|Win32
		{54C786E5-FD14-4036-92AE-E9F25B71534B}.Debug|Mixed Platforms.ActiveCfg = Debug|Any CPU
		{54C786E5-FD14-4036-92AE-E9F25B71534B}.Debug|Mixed Platforms.Build.0 = Debug|Any CPU
		{54C786E5-FD14-4036-92AE-E9F25B71534B}.Debug|Win32.ActiveCfg = Debug|Any CPU
		{54C786E5-FD14-4036-92AE-E9F25B71534B}.Debug|x86.ActiveCfg = Debug|x86
		{54C786E5-FD14-4036-92AE-E9F25B71534B}.Debug|x86.Build.0 = Debug|x86
		{54C786E5-FD14-4036-92AE-E9F25B71534B}.Release|Mixed Platforms.ActiveCfg = Release|Any CPU
		{54C786E5-FD14-4036-92AE-E9F25B71534B}.Release|Mixed Platforms.Build.0 = Release|Any CPU
		{54C786E5-FD14-4036-92AE-E9F25B71534B}.Release|Win32.ActiveCfg = Release|Any CPU
		{54C786E5-FD14-4036-92AE-E9F25B71534B}.Release|x86.ActiveCfg = Release|x86
		{54C786E5-FD14-4036-92AE-E9F25B71534B}.Release|x86.Build.0 = Release|x86
	EndGlobalSection
	GlobalSection(SolutionProperties) = preSolution
		HideSolutionNode = FALSE
	EndGlobalSection
EndGlobal
