<?xml version="1.0" encoding="utf-8"?>
<Project ToolsVersion="4.0" xmlns="http://schemas.microsoft.com/developer/msbuild/2003">
  <ItemGroup>
    <Filter Include="Source Files">
      <UniqueIdentifier>{4FC737F1-C7A5-4376-A066-2A32D752A2FF}</UniqueIdentifier>
      <Extensions>cpp;c;cc;cxx;def;odl;idl;hpj;bat;asm;asmx</Extensions>
    </Filter>
    <Filter Include="Header Files">
      <UniqueIdentifier>{93995380-89BD-4b04-88EB-625FBE52EBFB}</UniqueIdentifier>
      <Extensions>h;hpp;hxx;hm;inl;inc;xsd</Extensions>
    </Filter>
    <Filter Include="Resource Files">
      <UniqueIdentifier>{67DA6AB6-F800-4c08-8B7A-83BB121AAD01}</UniqueIdentifier>
      <Extensions>rc;ico;cur;bmp;dlg;rc2;rct;bin;rgs;gif;jpg;jpeg;jpe;resx;tiff;tif;png;wav;mfcribbon-ms</Extensions>
    </Filter>
    <Filter Include="Interface">
      <UniqueIdentifier>{cdc01244-61b8-44d5-bdb6-5e32d82ec7ef}</UniqueIdentifier>
    </Filter>
  </ItemGroup>
  <ItemGroup>
    <Text Include="ReadMe.txt" />
  </ItemGroup>
  <ItemGroup>
    <ClCompile Include="Source\BridgeIF.cpp">
      <Filter>Source Files</Filter>
    </ClCompile>
    <ClCompile Include="Source\DevAssistIF.cpp">
      <Filter>Source Files</Filter>
    </ClCompile>
    <ClCompile Include="Source\Settings.cpp">
      <Filter>Source Files</Filter>
    </ClCompile>
    <ClCompile Include="Source\stdafx.cpp">
      <Filter>Source Files</Filter>
    </ClCompile>
    <ClCompile Include="Source\AutoCombo.cpp">
      <Filter>Source Files</Filter>
    </ClCompile>
    <ClCompile Include="devassistif.cpp">
      <Filter>Source Files</Filter>
    </ClCompile>
    <ClCompile Include="DevAssistCOM.cpp">
      <Filter>Source Files</Filter>
    </ClCompile>
    <ClCompile Include="Source\DirectoryDlg.cpp">
      <Filter>Source Files</Filter>
    </ClCompile>
    <ClCompile Include="Source\FileListDlg.cpp">
      <Filter>Source Files</Filter>
    </ClCompile>
    <ClCompile Include="Source\RepDetails.cpp">
      <Filter>Source Files</Filter>
    </ClCompile>
  </ItemGroup>
  <ItemGroup>
    <ClInclude Include="..\..\Interface\Bridge\BridgeIF.h">
      <Filter>Interface</Filter>
    </ClInclude>
    <ClInclude Include="Include\DevAssistIF.h">
      <Filter>Header Files</Filter>
    </ClInclude>
    <ClInclude Include="Include\resource.h">
      <Filter>Header Files</Filter>
    </ClInclude>
    <ClInclude Include="Include\Settings.h">
      <Filter>Header Files</Filter>
    </ClInclude>
    <ClInclude Include="Include\stdafx.h">
      <Filter>Header Files</Filter>
    </ClInclude>
    <ClInclude Include="Include\AutoCombo.h">
      <Filter>Header Files</Filter>
    </ClInclude>
    <ClInclude Include="resource.h">
      <Filter>Header Files</Filter>
    </ClInclude>
    <ClInclude Include="devassistif.h">
      <Filter>Header Files</Filter>
    </ClInclude>
    <ClInclude Include="DevAssistCOM.h">
      <Filter>Header Files</Filter>
    </ClInclude>
    <ClInclude Include="Include\DirectoryDlg.h">
      <Filter>Header Files</Filter>
    </ClInclude>
    <ClInclude Include="Include\FileListDlg.h">
      <Filter>Header Files</Filter>
    </ClInclude>
    <ClInclude Include="Include\RepDetails.h">
      <Filter>Header Files</Filter>
    </ClInclude>
  </ItemGroup>
  <ItemGroup>
    <None Include="res\DevAssistIF.rc2">
      <Filter>Resource Files</Filter>
    </None>
    <None Include="DevAssistIF.rgs">
      <Filter>Resource Files</Filter>
    </None>
    <None Include="DevAssistCOM.rgs">
      <Filter>Resource Files</Filter>
    </None>
  </ItemGroup>
  <ItemGroup>
    <ResourceCompile Include="DevAssistIF.rc">
      <Filter>Resource Files</Filter>
    </ResourceCompile>
  </ItemGroup>
  <ItemGroup>
    <Image Include="Settings.ico">
      <Filter>Resource Files</Filter>
    </Image>
    <Image Include="FileSearch.ico">
      <Filter>Resource Files</Filter>
    </Image>
  </ItemGroup>
  <ItemGroup>
    <Midl Include="DevAssistIF.idl">
      <Filter>Source Files</Filter>
    </Midl>
  </ItemGroup>
</Project>